
Microsoft Visual Studio Solution File, Format Version 12.00
# Visual Studio Version 17
VisualStudioVersion = 17.14.36518.9
MinimumVisualStudioVersion = 10.0.40219.1
Project("{FAE04EC0-301F-11D3-BF4B-00C04F79EFBC}") = "Lab", "Lab\Lab.csproj", "{18DA77AB-70E0-4310-8983-05554B6D1A29}"
EndProject
Project("{FAE04EC0-301F-11D3-BF4B-00C04F79EFBC}") = "LabAClassTests", "LabAClassTests\LabAClassTests.csproj", "{4126FFFA-B6FC-499D-83D3-C1D656C9E9F5}"
EndProject
Global
	GlobalSection(SolutionConfigurationPlatforms) = preSolution
		Debug|Any CPU = Debug|Any CPU
		Release|Any CPU = Release|Any CPU
	EndGlobalSection
	GlobalSection(ProjectConfigurationPlatforms) = postSolution
		{18DA77AB-70E0-4310-8983-05554B6D1A29}.Debug|Any CPU.ActiveCfg = Debug|Any CPU
		{18DA77AB-70E0-4310-8983-05554B6D1A29}.Debug|Any CPU.Build.0 = Debug|Any CPU
		{18DA77AB-70E0-4310-8983-05554B6D1A29}.Release|Any CPU.ActiveCfg = Release|Any CPU
		{18DA77AB-70E0-4310-8983-05554B6D1A29}.Release|Any CPU.Build.0 = Release|Any CPU
		{4126FFFA-B6FC-499D-83D3-C1D656C9E9F5}.Debug|Any CPU.ActiveCfg = Debug|Any CPU
		{4126FFFA-B6FC-499D-83D3-C1D656C9E9F5}.Debug|Any CPU.Build.0 = Debug|Any CPU
		{4126FFFA-B6FC-499D-83D3-C1D656C9E9F5}.Release|Any CPU.ActiveCfg = Release|Any CPU
		{4126FFFA-B6FC-499D-83D3-C1D656C9E9F5}.Release|Any CPU.Build.0 = Release|Any CPU
	EndGlobalSection
	GlobalSection(SolutionProperties) = preSolution
		HideSolutionNode = FALSE
	EndGlobalSection
	GlobalSection(ExtensibilityGlobals) = postSolution
		SolutionGuid = {5771B37C-463C-45C7-AE9B-CE8887E4997B}
	EndGlobalSection
EndGlobal
